
Microsoft Visual Studio Solution File, Format Version 12.00
# Visual Studio 15
VisualStudioVersion = 15.0.28307.1321
MinimumVisualStudioVersion = 10.0.40219.1
Project("{F184B08F-C81C-45F6-A57F-5ABD9991F28F}") = "SvodnayaTD", "SvodnayaTD\SvodnayaTD.vbproj", "{E3B175C9-605B-4668-A6A5-8ECA894E2F90}"
EndProject
Global
	GlobalSection(SolutionConfigurationPlatforms) = preSolution
		Debug|Any CPU = Debug|Any CPU
		Release|Any CPU = Release|Any CPU
	EndGlobalSection
	GlobalSection(ProjectConfigurationPlatforms) = postSolution
		{E3B175C9-605B-4668-A6A5-8ECA894E2F90}.Debug|Any CPU.ActiveCfg = Debug|Any CPU
		{E3B175C9-605B-4668-A6A5-8ECA894E2F90}.Debug|Any CPU.Build.0 = Debug|Any CPU
		{E3B175C9-605B-4668-A6A5-8ECA894E2F90}.Release|Any CPU.ActiveCfg = Release|Any CPU
		{E3B175C9-605B-4668-A6A5-8ECA894E2F90}.Release|Any CPU.Build.0 = Release|Any CPU
	EndGlobalSection
	GlobalSection(SolutionProperties) = preSolution
		HideSolutionNode = FALSE
	EndGlobalSection
	GlobalSection(ExtensibilityGlobals) = postSolution
		SolutionGuid = {069035D2-EE3B-405B-BE2C-E2260D6F8666}
	EndGlobalSection
EndGlobal
